
Microsoft Visual Studio Solution File, Format Version 12.00
# Visual Studio Version 16
VisualStudioVersion = 16.0.28917.181
MinimumVisualStudioVersion = 10.0.40219.1
Project("{9A19103F-16F7-4668-BE54-9A1E7A4F7556}") = "anf-dotnetcore-sdk-sample", "anf-dotnetcore-sdk-sample\anf-dotnetcore-sdk-sample.csproj", "{39B3C30B-77C6-4D2E-A5AE-5358F5A1935C}"
EndProject
Project("{2150E333-8FDC-42A3-9474-1A3956D46DE8}") = "Solution Items", "Solution Items", "{9F6A6CC7-3C67-4ACB-9883-EAF6E4E8E4EF}"
	ProjectSection(SolutionItems) = preProject
		.gitignore = .gitignore
		CHANGELOG.md = CHANGELOG.md
		CODE_OF_CONDUCT.md = CODE_OF_CONDUCT.md
		CONTRIBUTING.md = CONTRIBUTING.md
		LICENSE.md = LICENSE.md
		README.md = README.md
	EndProjectSection
EndProject
Global
	GlobalSection(SolutionConfigurationPlatforms) = preSolution
		Debug|Any CPU = Debug|Any CPU
		Release|Any CPU = Release|Any CPU
	EndGlobalSection
	GlobalSection(ProjectConfigurationPlatforms) = postSolution
		{39B3C30B-77C6-4D2E-A5AE-5358F5A1935C}.Debug|Any CPU.ActiveCfg = Debug|Any CPU
		{39B3C30B-77C6-4D2E-A5AE-5358F5A1935C}.Debug|Any CPU.Build.0 = Debug|Any CPU
		{39B3C30B-77C6-4D2E-A5AE-5358F5A1935C}.Release|Any CPU.ActiveCfg = Release|Any CPU
		{39B3C30B-77C6-4D2E-A5AE-5358F5A1935C}.Release|Any CPU.Build.0 = Release|Any CPU
	EndGlobalSection
	GlobalSection(SolutionProperties) = preSolution
		HideSolutionNode = FALSE
	EndGlobalSection
	GlobalSection(ExtensibilityGlobals) = postSolution
		SolutionGuid = {6EAE92EA-4F3D-4ECF-8267-24E29760D69B}
	EndGlobalSection
EndGlobal
